
Microsoft Visual Studio Solution File, Format Version 12.00
# Visual Studio Version 17
VisualStudioVersion = 17.7.34024.191
MinimumVisualStudioVersion = 10.0.40219.1
Project("{888888A0-9F3D-457C-B088-3A5042F75D52}") = "blackjack", "blackjack.pyproj", "{2167059B-052B-4921-A9F7-07CDE1D0AB0A}"
EndProject
Global
	GlobalSection(SolutionConfigurationPlatforms) = preSolution
		Debug|Any CPU = Debug|Any CPU
		Release|Any CPU = Release|Any CPU
	EndGlobalSection
	GlobalSection(ProjectConfigurationPlatforms) = postSolution
		{2167059B-052B-4921-A9F7-07CDE1D0AB0A}.Debug|Any CPU.ActiveCfg = Debug|Any CPU
		{2167059B-052B-4921-A9F7-07CDE1D0AB0A}.Release|Any CPU.ActiveCfg = Release|Any CPU
	EndGlobalSection
	GlobalSection(SolutionProperties) = preSolution
		HideSolutionNode = FALSE
	EndGlobalSection
	GlobalSection(ExtensibilityGlobals) = postSolution
		SolutionGuid = {DA764AED-4630-41AC-8241-4F9C356AAFA6}
	EndGlobalSection
EndGlobal
