
Microsoft Visual Studio Solution File, Format Version 12.00
# Visual Studio Version 17
VisualStudioVersion = 17.7.34024.191
MinimumVisualStudioVersion = 10.0.40219.1
Project("{888888A0-9F3D-457C-B088-3A5042F75D52}") = "guessnumber", "guessnumber.pyproj", "{0E05B971-007D-4979-BBE3-A43B404A57E4}"
EndProject
Global
	GlobalSection(SolutionConfigurationPlatforms) = preSolution
		Debug|Any CPU = Debug|Any CPU
		Release|Any CPU = Release|Any CPU
	EndGlobalSection
	GlobalSection(ProjectConfigurationPlatforms) = postSolution
		{0E05B971-007D-4979-BBE3-A43B404A57E4}.Debug|Any CPU.ActiveCfg = Debug|Any CPU
		{0E05B971-007D-4979-BBE3-A43B404A57E4}.Release|Any CPU.ActiveCfg = Release|Any CPU
	EndGlobalSection
	GlobalSection(SolutionProperties) = preSolution
		HideSolutionNode = FALSE
	EndGlobalSection
	GlobalSection(ExtensibilityGlobals) = postSolution
		SolutionGuid = {E84EC62E-4445-45D4-968C-29E117574218}
	EndGlobalSection
EndGlobal
